
Microsoft Visual Studio Solution File, Format Version 12.00
# Visual Studio Version 17
VisualStudioVersion = 17.7.34202.233
MinimumVisualStudioVersion = 10.0.40219.1
Project("{FAE04EC0-301F-11D3-BF4B-00C04F79EFBC}") = "WASD_controls_app", "WASD_controls_app.csproj", "{6E01B1CB-C5D8-413B-B702-54858A0C94B7}"
EndProject
Global
	GlobalSection(SolutionConfigurationPlatforms) = preSolution
		Debug|Any CPU = Debug|Any CPU
		Release|Any CPU = Release|Any CPU
	EndGlobalSection
	GlobalSection(ProjectConfigurationPlatforms) = postSolution
		{6E01B1CB-C5D8-413B-B702-54858A0C94B7}.Debug|Any CPU.ActiveCfg = Debug|Any CPU
		{6E01B1CB-C5D8-413B-B702-54858A0C94B7}.Debug|Any CPU.Build.0 = Debug|Any CPU
		{6E01B1CB-C5D8-413B-B702-54858A0C94B7}.Release|Any CPU.ActiveCfg = Release|Any CPU
		{6E01B1CB-C5D8-413B-B702-54858A0C94B7}.Release|Any CPU.Build.0 = Release|Any CPU
	EndGlobalSection
	GlobalSection(SolutionProperties) = preSolution
		HideSolutionNode = FALSE
	EndGlobalSection
	GlobalSection(ExtensibilityGlobals) = postSolution
		SolutionGuid = {FDEE549B-E006-4BF2-B2F6-60B277C6825B}
	EndGlobalSection
EndGlobal
